
Microsoft Visual Studio Solution File, Format Version 12.00
# Visual Studio 15
VisualStudioVersion = 15.0.28307.1831
MinimumVisualStudioVersion = 10.0.40219.1
Project("{FAE04EC0-301F-11D3-BF4B-00C04F79EFBC}") = "Menu", "Menu\Menu.csproj", "{A49BE1E1-D078-4497-BDF2-5E7A1C19DAAA}"
EndProject
Global
	GlobalSection(SolutionConfigurationPlatforms) = preSolution
		Debug|Any CPU = Debug|Any CPU
		Release|Any CPU = Release|Any CPU
	EndGlobalSection
	GlobalSection(ProjectConfigurationPlatforms) = postSolution
		{A49BE1E1-D078-4497-BDF2-5E7A1C19DAAA}.Debug|Any CPU.ActiveCfg = Debug|Any CPU
		{A49BE1E1-D078-4497-BDF2-5E7A1C19DAAA}.Debug|Any CPU.Build.0 = Debug|Any CPU
		{A49BE1E1-D078-4497-BDF2-5E7A1C19DAAA}.Release|Any CPU.ActiveCfg = Release|Any CPU
		{A49BE1E1-D078-4497-BDF2-5E7A1C19DAAA}.Release|Any CPU.Build.0 = Release|Any CPU
	EndGlobalSection
	GlobalSection(SolutionProperties) = preSolution
		HideSolutionNode = FALSE
	EndGlobalSection
	GlobalSection(ExtensibilityGlobals) = postSolution
		SolutionGuid = {72F2C74B-E5AA-47FB-98E7-43872570967F}
	EndGlobalSection
EndGlobal
